
Microsoft Visual Studio Solution File, Format Version 12.00
# Visual Studio Version 17
VisualStudioVersion = 17.4.33213.308
MinimumVisualStudioVersion = 10.0.40219.1
Project("{9A19103F-16F7-4668-BE54-9A1E7A4F7556}") = "SecureAPIClient", "SecureAPIClient\SecureAPIClient.csproj", "{9E7188AF-1DD8-49D6-8102-40C431B0EA6D}"
EndProject
Project("{9A19103F-16F7-4668-BE54-9A1E7A4F7556}") = "SecureAPI", "SecureAPI\SecureAPI.csproj", "{D2F01034-C9DE-413A-8F6A-5BE4263B32C2}"
EndProject
Project("{9A19103F-16F7-4668-BE54-9A1E7A4F7556}") = "SecureAPI.Shared", "SecureAPI.Shared\SecureAPI.Shared.csproj", "{CB6FED8E-F9A1-4556-BA2E-696B40FD782E}"
EndProject
Project("{9A19103F-16F7-4668-BE54-9A1E7A4F7556}") = "SecureAPI.Interfaces", "SecureAPI.Interfaces\SecureAPI.Interfaces.csproj", "{C62C4DEE-A077-4EC4-82E0-A5C918A0BFF0}"
EndProject
Project("{2150E333-8FDC-42A3-9474-1A3956D46DE8}") = "Solution Items", "Solution Items", "{4248C8DC-58CE-4109-BB18-C65C3FCE3A17}"
	ProjectSection(SolutionItems) = preProject
		README.md = README.md
	EndProjectSection
EndProject
Project("{9A19103F-16F7-4668-BE54-9A1E7A4F7556}") = "FrontEnd", "FrontEnd\FrontEnd.csproj", "{C43EC883-913B-404B-9499-04D19CE1C006}"
EndProject
Project("{FAE04EC0-301F-11D3-BF4B-00C04F79EFBC}") = "FrontEndFormAuth", "FrontEndFormAuth\FrontEndFormAuth.csproj", "{DD8024F6-6E06-465A-A0DD-8B49F30C94B5}"
EndProject
Global
	GlobalSection(SolutionConfigurationPlatforms) = preSolution
		Debug|Any CPU = Debug|Any CPU
		Release|Any CPU = Release|Any CPU
	EndGlobalSection
	GlobalSection(ProjectConfigurationPlatforms) = postSolution
		{9E7188AF-1DD8-49D6-8102-40C431B0EA6D}.Debug|Any CPU.ActiveCfg = Debug|Any CPU
		{9E7188AF-1DD8-49D6-8102-40C431B0EA6D}.Debug|Any CPU.Build.0 = Debug|Any CPU
		{9E7188AF-1DD8-49D6-8102-40C431B0EA6D}.Release|Any CPU.ActiveCfg = Release|Any CPU
		{9E7188AF-1DD8-49D6-8102-40C431B0EA6D}.Release|Any CPU.Build.0 = Release|Any CPU
		{D2F01034-C9DE-413A-8F6A-5BE4263B32C2}.Debug|Any CPU.ActiveCfg = Debug|Any CPU
		{D2F01034-C9DE-413A-8F6A-5BE4263B32C2}.Debug|Any CPU.Build.0 = Debug|Any CPU
		{D2F01034-C9DE-413A-8F6A-5BE4263B32C2}.Release|Any CPU.ActiveCfg = Release|Any CPU
		{D2F01034-C9DE-413A-8F6A-5BE4263B32C2}.Release|Any CPU.Build.0 = Release|Any CPU
		{CB6FED8E-F9A1-4556-BA2E-696B40FD782E}.Debug|Any CPU.ActiveCfg = Debug|Any CPU
		{CB6FED8E-F9A1-4556-BA2E-696B40FD782E}.Debug|Any CPU.Build.0 = Debug|Any CPU
		{CB6FED8E-F9A1-4556-BA2E-696B40FD782E}.Release|Any CPU.ActiveCfg = Release|Any CPU
		{CB6FED8E-F9A1-4556-BA2E-696B40FD782E}.Release|Any CPU.Build.0 = Release|Any CPU
		{C62C4DEE-A077-4EC4-82E0-A5C918A0BFF0}.Debug|Any CPU.ActiveCfg = Debug|Any CPU
		{C62C4DEE-A077-4EC4-82E0-A5C918A0BFF0}.Debug|Any CPU.Build.0 = Debug|Any CPU
		{C62C4DEE-A077-4EC4-82E0-A5C918A0BFF0}.Release|Any CPU.ActiveCfg = Release|Any CPU
		{C62C4DEE-A077-4EC4-82E0-A5C918A0BFF0}.Release|Any CPU.Build.0 = Release|Any CPU
		{C43EC883-913B-404B-9499-04D19CE1C006}.Debug|Any CPU.ActiveCfg = Debug|Any CPU
		{C43EC883-913B-404B-9499-04D19CE1C006}.Debug|Any CPU.Build.0 = Debug|Any CPU
		{C43EC883-913B-404B-9499-04D19CE1C006}.Release|Any CPU.ActiveCfg = Release|Any CPU
		{C43EC883-913B-404B-9499-04D19CE1C006}.Release|Any CPU.Build.0 = Release|Any CPU
		{DD8024F6-6E06-465A-A0DD-8B49F30C94B5}.Debug|Any CPU.ActiveCfg = Debug|Any CPU
		{DD8024F6-6E06-465A-A0DD-8B49F30C94B5}.Debug|Any CPU.Build.0 = Debug|Any CPU
		{DD8024F6-6E06-465A-A0DD-8B49F30C94B5}.Release|Any CPU.ActiveCfg = Release|Any CPU
		{DD8024F6-6E06-465A-A0DD-8B49F30C94B5}.Release|Any CPU.Build.0 = Release|Any CPU
	EndGlobalSection
	GlobalSection(SolutionProperties) = preSolution
		HideSolutionNode = FALSE
	EndGlobalSection
	GlobalSection(ExtensibilityGlobals) = postSolution
		SolutionGuid = {030B0492-DF95-4E85-8C1C-AAEF0326523F}
	EndGlobalSection
EndGlobal
